
Microsoft Visual Studio Solution File, Format Version 12.00
# Visual Studio 2013
VisualStudioVersion = 12.0.31101.0
MinimumVisualStudioVersion = 10.0.40219.1
Project("{8BC9CEB8-8B4A-11D0-8D11-00A0C91BC942}") = "RTextLexer", "RTextLexer\RTextLexer.vcxproj", "{C9A9618E-2871-4933-A1F6-F33E7678AF97}"
EndProject
Project("{FAE04EC0-301F-11D3-BF4B-00C04F79EFBC}") = "RTextNpp", "RTextNpp\RTextNpp.csproj", "{1F20BD26-EC35-4F64-80BB-036A706CB84D}"
EndProject
Global
	GlobalSection(SolutionConfigurationPlatforms) = preSolution
		Debug|Any CPU = Debug|Any CPU
		Debug|Mixed Platforms = Debug|Mixed Platforms
		Debug|Win32 = Debug|Win32
		Debug|x64 = Debug|x64
		Debug|x86 = Debug|x86
		Release|Any CPU = Release|Any CPU
		Release|Mixed Platforms = Release|Mixed Platforms
		Release|Win32 = Release|Win32
		Release|x64 = Release|x64
		Release|x86 = Release|x86
	EndGlobalSection
	GlobalSection(ProjectConfigurationPlatforms) = postSolution
		{C9A9618E-2871-4933-A1F6-F33E7678AF97}.Debug|Any CPU.ActiveCfg = Debug|Win32
		{C9A9618E-2871-4933-A1F6-F33E7678AF97}.Debug|Mixed Platforms.ActiveCfg = Debug|Win32
		{C9A9618E-2871-4933-A1F6-F33E7678AF97}.Debug|Mixed Platforms.Build.0 = Debug|Win32
		{C9A9618E-2871-4933-A1F6-F33E7678AF97}.Debug|Win32.ActiveCfg = Debug|Win32
		{C9A9618E-2871-4933-A1F6-F33E7678AF97}.Debug|Win32.Build.0 = Debug|Win32
		{C9A9618E-2871-4933-A1F6-F33E7678AF97}.Debug|x64.ActiveCfg = Debug|Win32
		{C9A9618E-2871-4933-A1F6-F33E7678AF97}.Debug|x86.ActiveCfg = Debug|Win32
		{C9A9618E-2871-4933-A1F6-F33E7678AF97}.Debug|x86.Build.0 = Debug|Win32
		{C9A9618E-2871-4933-A1F6-F33E7678AF97}.Release|Any CPU.ActiveCfg = Release|Win32
		{C9A9618E-2871-4933-A1F6-F33E7678AF97}.Release|Mixed Platforms.ActiveCfg = Release|Win32
		{C9A9618E-2871-4933-A1F6-F33E7678AF97}.Release|Mixed Platforms.Build.0 = Release|Win32
		{C9A9618E-2871-4933-A1F6-F33E7678AF97}.Release|Win32.ActiveCfg = Release|Win32
		{C9A9618E-2871-4933-A1F6-F33E7678AF97}.Release|Win32.Build.0 = Release|Win32
		{C9A9618E-2871-4933-A1F6-F33E7678AF97}.Release|x64.ActiveCfg = Release|Win32
		{C9A9618E-2871-4933-A1F6-F33E7678AF97}.Release|x86.ActiveCfg = Release|Win32
		{C9A9618E-2871-4933-A1F6-F33E7678AF97}.Release|x86.Build.0 = Release|Win32
		{1F20BD26-EC35-4F64-80BB-036A706CB84D}.Debug|Any CPU.ActiveCfg = Debug|Any CPU
		{1F20BD26-EC35-4F64-80BB-036A706CB84D}.Debug|Any CPU.Build.0 = Debug|Any CPU
		{1F20BD26-EC35-4F64-80BB-036A706CB84D}.Debug|Mixed Platforms.ActiveCfg = Debug|Any CPU
		{1F20BD26-EC35-4F64-80BB-036A706CB84D}.Debug|Mixed Platforms.Build.0 = Debug|Any CPU
		{1F20BD26-EC35-4F64-80BB-036A706CB84D}.Debug|Win32.ActiveCfg = Debug|Any CPU
		{1F20BD26-EC35-4F64-80BB-036A706CB84D}.Debug|x64.ActiveCfg = Debug|Any CPU
		{1F20BD26-EC35-4F64-80BB-036A706CB84D}.Debug|x86.ActiveCfg = Debug|Any CPU
		{1F20BD26-EC35-4F64-80BB-036A706CB84D}.Release|Any CPU.ActiveCfg = Release|Any CPU
		{1F20BD26-EC35-4F64-80BB-036A706CB84D}.Release|Any CPU.Build.0 = Release|Any CPU
		{1F20BD26-EC35-4F64-80BB-036A706CB84D}.Release|Mixed Platforms.ActiveCfg = Release|Any CPU
		{1F20BD26-EC35-4F64-80BB-036A706CB84D}.Release|Mixed Platforms.Build.0 = Release|Any CPU
		{1F20BD26-EC35-4F64-80BB-036A706CB84D}.Release|Win32.ActiveCfg = Release|Any CPU
		{1F20BD26-EC35-4F64-80BB-036A706CB84D}.Release|x64.ActiveCfg = Release|Any CPU
		{1F20BD26-EC35-4F64-80BB-036A706CB84D}.Release|x86.ActiveCfg = Release|Any CPU
	EndGlobalSection
	GlobalSection(SolutionProperties) = preSolution
		HideSolutionNode = FALSE
	EndGlobalSection
EndGlobal
